
Microsoft Visual Studio Solution File, Format Version 12.00
# Visual Studio Version 17
VisualStudioVersion = 17.14.36327.8
MinimumVisualStudioVersion = 10.0.40219.1
Project("{FAE04EC0-301F-11D3-BF4B-00C04F79EFBC}") = "FoodDelivery.API", "FoodDelivery.API\FoodDelivery.API.csproj", "{926FD410-0912-361F-34F5-1FC68DCCD17C}"
EndProject
Project("{FAE04EC0-301F-11D3-BF4B-00C04F79EFBC}") = "FoodDelivery.Application", "FoodDelivery.Application\FoodDelivery.Application.csproj", "{AB357A44-7318-D71B-6E31-67A2C0A5EE2A}"
EndProject
Project("{FAE04EC0-301F-11D3-BF4B-00C04F79EFBC}") = "FoodDelivery.Domain", "FoodDelivery.Domain\FoodDelivery.Domain.csproj", "{93FB36A0-2880-0947-0117-6248E2DA5B5C}"
EndProject
Project("{FAE04EC0-301F-11D3-BF4B-00C04F79EFBC}") = "FoodDelivery.Infrastructure", "FoodDelivery.Infrastructure\FoodDelivery.Infrastructure.csproj", "{73585900-5560-9EC4-E972-011F43FE09C4}"
EndProject
Global
	GlobalSection(SolutionConfigurationPlatforms) = preSolution
		Debug|Any CPU = Debug|Any CPU
		Release|Any CPU = Release|Any CPU
	EndGlobalSection
	GlobalSection(ProjectConfigurationPlatforms) = postSolution
		{926FD410-0912-361F-34F5-1FC68DCCD17C}.Debug|Any CPU.ActiveCfg = Debug|Any CPU
		{926FD410-0912-361F-34F5-1FC68DCCD17C}.Debug|Any CPU.Build.0 = Debug|Any CPU
		{926FD410-0912-361F-34F5-1FC68DCCD17C}.Release|Any CPU.ActiveCfg = Release|Any CPU
		{926FD410-0912-361F-34F5-1FC68DCCD17C}.Release|Any CPU.Build.0 = Release|Any CPU
		{AB357A44-7318-D71B-6E31-67A2C0A5EE2A}.Debug|Any CPU.ActiveCfg = Debug|Any CPU
		{AB357A44-7318-D71B-6E31-67A2C0A5EE2A}.Debug|Any CPU.Build.0 = Debug|Any CPU
		{AB357A44-7318-D71B-6E31-67A2C0A5EE2A}.Release|Any CPU.ActiveCfg = Release|Any CPU
		{AB357A44-7318-D71B-6E31-67A2C0A5EE2A}.Release|Any CPU.Build.0 = Release|Any CPU
		{93FB36A0-2880-0947-0117-6248E2DA5B5C}.Debug|Any CPU.ActiveCfg = Debug|Any CPU
		{93FB36A0-2880-0947-0117-6248E2DA5B5C}.Debug|Any CPU.Build.0 = Debug|Any CPU
		{93FB36A0-2880-0947-0117-6248E2DA5B5C}.Release|Any CPU.ActiveCfg = Release|Any CPU
		{93FB36A0-2880-0947-0117-6248E2DA5B5C}.Release|Any CPU.Build.0 = Release|Any CPU
		{73585900-5560-9EC4-E972-011F43FE09C4}.Debug|Any CPU.ActiveCfg = Debug|Any CPU
		{73585900-5560-9EC4-E972-011F43FE09C4}.Debug|Any CPU.Build.0 = Debug|Any CPU
		{73585900-5560-9EC4-E972-011F43FE09C4}.Release|Any CPU.ActiveCfg = Release|Any CPU
		{73585900-5560-9EC4-E972-011F43FE09C4}.Release|Any CPU.Build.0 = Release|Any CPU
	EndGlobalSection
	GlobalSection(SolutionProperties) = preSolution
		HideSolutionNode = FALSE
	EndGlobalSection
	GlobalSection(ExtensibilityGlobals) = postSolution
		SolutionGuid = {112392AE-675D-4079-B9D4-2903E43ABA8B}
	EndGlobalSection
EndGlobal
